// !$*UTF8*$!
{
	archiveVersion = 1;
	classes = {
	};
	objectVersion = 55;
	objects = {

/* Begin PBXBuildFile section */
		3F0FC28B27BD4E5900548BEA /* model_data.m in Sources */ = {isa = PBXBuildFile; fileRef = 3F0FC28A27BD4E5900548BEA /* model_data.m */; };
		3F0FC28F27BE98DB00548BEA /* universal.m in Sources */ = {isa = PBXBuildFile; fileRef = 3F0FC28E27BE98DB00548BEA /* universal.m */; };
		3FF7CA4E27A88A620027935A /* osx-cpufreq.m in Sources */ = {isa = PBXBuildFile; fileRef = 3FF7CA4D27A88A620027935A /* osx-cpufreq.m */; };
		3FFCCE6927B8023900B53228 /* arm64.m in Sources */ = {isa = PBXBuildFile; fileRef = 3FFCCE6827B8023900B53228 /* arm64.m */; };
		3FFCCE6D27B8037300B53228 /* x86_64.m in Sources */ = {isa = PBXBuildFile; fileRef = 3FFCCE6C27B8037300B53228 /* x86_64.m */; };
		3FFCCE7527B808F800B53228 /* Makefile in Sources */ = {isa = PBXBuildFile; fileRef = 3FFCCE7427B808F800B53228 /* Makefile */; };
/* End PBXBuildFile section */

/* Begin PBXCopyFilesBuildPhase section */
		3FF7CA4827A88A620027935A /* CopyFiles */ = {
			isa = PBXCopyFilesBuildPhase;
			buildActionMask = 2147483647;
			dstPath = /usr/share/man/man1/;
			dstSubfolderSpec = 0;
			files = (
			);
			runOnlyForDeploymentPostprocessing = 1;
		};
/* End PBXCopyFilesBuildPhase section */

/* Begin PBXFileReference section */
		3F0FC28327BD4DED00548BEA /* model_data.h */ = {isa = PBXFileReference; lastKnownFileType = sourcecode.c.h; path = model_data.h; sourceTree = "<group>"; };
		3F0FC28A27BD4E5900548BEA /* model_data.m */ = {isa = PBXFileReference; lastKnownFileType = sourcecode.c.objc; path = model_data.m; sourceTree = "<group>"; };
		3F0FC28E27BE98DB00548BEA /* universal.m */ = {isa = PBXFileReference; lastKnownFileType = sourcecode.c.objc; path = universal.m; sourceTree = "<group>"; };
		3FF7CA4A27A88A620027935A /* osx-cpufreq */ = {isa = PBXFileReference; explicitFileType = "compiled.mach-o.executable"; includeInIndex = 0; path = "osx-cpufreq"; sourceTree = BUILT_PRODUCTS_DIR; };
		3FF7CA4D27A88A620027935A /* osx-cpufreq.m */ = {isa = PBXFileReference; lastKnownFileType = sourcecode.c.objc; path = "osx-cpufreq.m"; sourceTree = "<group>"; };
		3FFCCE6727B8022E00B53228 /* arm64.h */ = {isa = PBXFileReference; lastKnownFileType = sourcecode.c.h; path = arm64.h; sourceTree = "<group>"; };
		3FFCCE6827B8023900B53228 /* arm64.m */ = {isa = PBXFileReference; lastKnownFileType = sourcecode.c.objc; path = arm64.m; sourceTree = "<group>"; };
		3FFCCE6A27B8028800B53228 /* x86_64.h */ = {isa = PBXFileReference; lastKnownFileType = sourcecode.c.h; path = x86_64.h; sourceTree = "<group>"; };
		3FFCCE6B27B802E100B53228 /* universal.h */ = {isa = PBXFileReference; lastKnownFileType = sourcecode.c.h; path = universal.h; sourceTree = "<group>"; };
		3FFCCE6C27B8037300B53228 /* x86_64.m */ = {isa = PBXFileReference; lastKnownFileType = sourcecode.c.objc; path = x86_64.m; sourceTree = "<group>"; };
		3FFCCE7427B808F800B53228 /* Makefile */ = {isa = PBXFileReference; lastKnownFileType = sourcecode.make; path = Makefile; sourceTree = "<group>"; };
/* End PBXFileReference section */

/* Begin PBXFrameworksBuildPhase section */
		3FF7CA4727A88A620027935A /* Frameworks */ = {
			isa = PBXFrameworksBuildPhase;
			buildActionMask = 2147483647;
			files = (
			);
			runOnlyForDeploymentPostprocessing = 0;
		};
/* End PBXFrameworksBuildPhase section */

/* Begin PBXGroup section */
		3F0FC28D27BD547300548BEA /* model_data */ = {
			isa = PBXGroup;
			children = (
				3F0FC28327BD4DED00548BEA /* model_data.h */,
				3F0FC28A27BD4E5900548BEA /* model_data.m */,
			);
			path = model_data;
			sourceTree = "<group>";
		};
		3FF7CA4127A88A620027935A = {
			isa = PBXGroup;
			children = (
				3FF7CA4C27A88A620027935A /* osx-cpufreq */,
				3FF7CA4B27A88A620027935A /* Products */,
			);
			sourceTree = "<group>";
		};
		3FF7CA4B27A88A620027935A /* Products */ = {
			isa = PBXGroup;
			children = (
				3FF7CA4A27A88A620027935A /* osx-cpufreq */,
			);
			name = Products;
			sourceTree = "<group>";
		};
		3FF7CA4C27A88A620027935A /* osx-cpufreq */ = {
			isa = PBXGroup;
			children = (
				3FF7CA4D27A88A620027935A /* osx-cpufreq.m */,
				3FFCCE7427B808F800B53228 /* Makefile */,
				3FFCCE7227B806CE00B53228 /* universal */,
				3FFCCE7127B806B000B53228 /* x86_64 */,
				3FFCCE7027B8069500B53228 /* arm64 */,
			);
			path = "osx-cpufreq";
			sourceTree = "<group>";
		};
		3FFCCE7027B8069500B53228 /* arm64 */ = {
			isa = PBXGroup;
			children = (
				3FFCCE6727B8022E00B53228 /* arm64.h */,
				3FFCCE6827B8023900B53228 /* arm64.m */,
			);
			path = arm64;
			sourceTree = "<group>";
		};
		3FFCCE7127B806B000B53228 /* x86_64 */ = {
			isa = PBXGroup;
			children = (
				3FFCCE6A27B8028800B53228 /* x86_64.h */,
				3FFCCE6C27B8037300B53228 /* x86_64.m */,
				3F0FC28D27BD547300548BEA /* model_data */,
			);
			path = x86_64;
			sourceTree = "<group>";
		};
		3FFCCE7227B806CE00B53228 /* universal */ = {
			isa = PBXGroup;
			children = (
				3FFCCE6B27B802E100B53228 /* universal.h */,
				3F0FC28E27BE98DB00548BEA /* universal.m */,
			);
			path = universal;
			sourceTree = "<group>";
		};
/* End PBXGroup section */

/* Begin PBXNativeTarget section */
		3FF7CA4927A88A620027935A /* osx-cpufreq */ = {
			isa = PBXNativeTarget;
			buildConfigurationList = 3FF7CA5127A88A620027935A /* Build configuration list for PBXNativeTarget "osx-cpufreq" */;
			buildPhases = (
				3FF7CA4627A88A620027935A /* Sources */,
				3FF7CA4727A88A620027935A /* Frameworks */,
				3FF7CA4827A88A620027935A /* CopyFiles */,
			);
			buildRules = (
			);
			dependencies = (
			);
			name = "osx-cpufreq";
			productName = "osx-cpufreq";
			productReference = 3FF7CA4A27A88A620027935A /* osx-cpufreq */;
			productType = "com.apple.product-type.tool";
		};
/* End PBXNativeTarget section */

/* Begin PBXProject section */
		3FF7CA4227A88A620027935A /* Project object */ = {
			isa = PBXProject;
			attributes = {
				BuildIndependentTargetsInParallel = 1;
				LastUpgradeCheck = 1320;
				TargetAttributes = {
					3FF7CA4927A88A620027935A = {
						CreatedOnToolsVersion = 13.2.1;
					};
				};
			};
			buildConfigurationList = 3FF7CA4527A88A620027935A /* Build configuration list for PBXProject "osx-cpufreq" */;
			compatibilityVersion = "Xcode 13.0";
			developmentRegion = en;
			hasScannedForEncodings = 0;
			knownRegions = (
				en,
				Base,
			);
			mainGroup = 3FF7CA4127A88A620027935A;
			productRefGroup = 3FF7CA4B27A88A620027935A /* Products */;
			projectDirPath = "";
			projectRoot = "";
			targets = (
				3FF7CA4927A88A620027935A /* osx-cpufreq */,
			);
		};
/* End PBXProject section */

/* Begin PBXSourcesBuildPhase section */
		3FF7CA4627A88A620027935A /* Sources */ = {
			isa = PBXSourcesBuildPhase;
			buildActionMask = 2147483647;
			files = (
				3FFCCE6927B8023900B53228 /* arm64.m in Sources */,
				3FF7CA4E27A88A620027935A /* osx-cpufreq.m in Sources */,
				3FFCCE7527B808F800B53228 /* Makefile in Sources */,
				3FFCCE6D27B8037300B53228 /* x86_64.m in Sources */,
				3F0FC28B27BD4E5900548BEA /* model_data.m in Sources */,
				3F0FC28F27BE98DB00548BEA /* universal.m in Sources */,
			);
			runOnlyForDeploymentPostprocessing = 0;
		};
/* End PBXSourcesBuildPhase section */

/* Begin XCBuildConfiguration section */
		3FF7CA4F27A88A620027935A /* Debug */ = {
			isa = XCBuildConfiguration;
			buildSettings = {
				ALWAYS_SEARCH_USER_PATHS = NO;
				CLANG_ANALYZER_NONNULL = YES;
				CLANG_ANALYZER_NUMBER_OBJECT_CONVERSION = YES_AGGRESSIVE;
				CLANG_CXX_LANGUAGE_STANDARD = "gnu++17";
				CLANG_CXX_LIBRARY = "libc++";
				CLANG_ENABLE_MODULES = YES;
				CLANG_ENABLE_OBJC_ARC = YES;
				CLANG_ENABLE_OBJC_WEAK = YES;
				CLANG_WARN_BLOCK_CAPTURE_AUTORELEASING = YES;
				CLANG_WARN_BOOL_CONVERSION = YES;
				CLANG_WARN_COMMA = YES;
				CLANG_WARN_CONSTANT_CONVERSION = YES;
				CLANG_WARN_DEPRECATED_OBJC_IMPLEMENTATIONS = YES;
				CLANG_WARN_DIRECT_OBJC_ISA_USAGE = YES_ERROR;
				CLANG_WARN_DOCUMENTATION_COMMENTS = YES;
				CLANG_WARN_EMPTY_BODY = YES;
				CLANG_WARN_ENUM_CONVERSION = YES;
				CLANG_WARN_INFINITE_RECURSION = YES;
				CLANG_WARN_INT_CONVERSION = YES;
				CLANG_WARN_NON_LITERAL_NULL_CONVERSION = YES;
				CLANG_WARN_OBJC_IMPLICIT_RETAIN_SELF = YES;
				CLANG_WARN_OBJC_LITERAL_CONVERSION = YES;
				CLANG_WARN_OBJC_ROOT_CLASS = YES_ERROR;
				CLANG_WARN_QUOTED_INCLUDE_IN_FRAMEWORK_HEADER = YES;
				CLANG_WARN_RANGE_LOOP_ANALYSIS = YES;
				CLANG_WARN_STRICT_PROTOTYPES = YES;
				CLANG_WARN_SUSPICIOUS_MOVE = YES;
				CLANG_WARN_UNGUARDED_AVAILABILITY = YES_AGGRESSIVE;
				CLANG_WARN_UNREACHABLE_CODE = YES;
				CLANG_WARN__DUPLICATE_METHOD_MATCH = YES;
				COPY_PHASE_STRIP = NO;
				DEBUG_INFORMATION_FORMAT = dwarf;
				ENABLE_STRICT_OBJC_MSGSEND = YES;
				ENABLE_TESTABILITY = YES;
				GCC_C_LANGUAGE_STANDARD = gnu11;
				GCC_DYNAMIC_NO_PIC = NO;
				GCC_NO_COMMON_BLOCKS = YES;
				GCC_OPTIMIZATION_LEVEL = 0;
				GCC_PREPROCESSOR_DEFINITIONS = (
					"DEBUG=1",
					"$(inherited)",
				);
				GCC_WARN_64_TO_32_BIT_CONVERSION = YES;
				GCC_WARN_ABOUT_RETURN_TYPE = YES_ERROR;
				GCC_WARN_UNDECLARED_SELECTOR = YES;
				GCC_WARN_UNINITIALIZED_AUTOS = YES_AGGRESSIVE;
				GCC_WARN_UNUSED_FUNCTION = YES;
				GCC_WARN_UNUSED_VARIABLE = YES;
				MACOSX_DEPLOYMENT_TARGET = 12.1;
				MTL_ENABLE_DEBUG_INFO = INCLUDE_SOURCE;
				MTL_FAST_MATH = YES;
				ONLY_ACTIVE_ARCH = YES;
				SDKROOT = macosx;
			};
			name = Debug;
		};
		3FF7CA5027A88A620027935A /* Release */ = {
			isa = XCBuildConfiguration;
			buildSettings = {
				ALWAYS_SEARCH_USER_PATHS = NO;
				CLANG_ANALYZER_NONNULL = YES;
				CLANG_ANALYZER_NUMBER_OBJECT_CONVERSION = YES_AGGRESSIVE;
				CLANG_CXX_LANGUAGE_STANDARD = "gnu++17";
				CLANG_CXX_LIBRARY = "libc++";
				CLANG_ENABLE_MODULES = YES;
				CLANG_ENABLE_OBJC_ARC = YES;
				CLANG_ENABLE_OBJC_WEAK = YES;
				CLANG_WARN_BLOCK_CAPTURE_AUTORELEASING = YES;
				CLANG_WARN_BOOL_CONVERSION = YES;
				CLANG_WARN_COMMA = YES;
				CLANG_WARN_CONSTANT_CONVERSION = YES;
				CLANG_WARN_DEPRECATED_OBJC_IMPLEMENTATIONS = YES;
				CLANG_WARN_DIRECT_OBJC_ISA_USAGE = YES_ERROR;
				CLANG_WARN_DOCUMENTATION_COMMENTS = YES;
				CLANG_WARN_EMPTY_BODY = YES;
				CLANG_WARN_ENUM_CONVERSION = YES;
				CLANG_WARN_INFINITE_RECURSION = YES;
				CLANG_WARN_INT_CONVERSION = YES;
				CLANG_WARN_NON_LITERAL_NULL_CONVERSION = YES;
				CLANG_WARN_OBJC_IMPLICIT_RETAIN_SELF = YES;
				CLANG_WARN_OBJC_LITERAL_CONVERSION = YES;
				CLANG_WARN_OBJC_ROOT_CLASS = YES_ERROR;
				CLANG_WARN_QUOTED_INCLUDE_IN_FRAMEWORK_HEADER = YES;
				CLANG_WARN_RANGE_LOOP_ANALYSIS = YES;
				CLANG_WARN_STRICT_PROTOTYPES = YES;
				CLANG_WARN_SUSPICIOUS_MOVE = YES;
				CLANG_WARN_UNGUARDED_AVAILABILITY = YES_AGGRESSIVE;
				CLANG_WARN_UNREACHABLE_CODE = YES;
				CLANG_WARN__DUPLICATE_METHOD_MATCH = YES;
				COPY_PHASE_STRIP = NO;
				DEBUG_INFORMATION_FORMAT = "dwarf-with-dsym";
				ENABLE_NS_ASSERTIONS = NO;
				ENABLE_STRICT_OBJC_MSGSEND = YES;
				GCC_C_LANGUAGE_STANDARD = gnu11;
				GCC_NO_COMMON_BLOCKS = YES;
				GCC_WARN_64_TO_32_BIT_CONVERSION = YES;
				GCC_WARN_ABOUT_RETURN_TYPE = YES_ERROR;
				GCC_WARN_UNDECLARED_SELECTOR = YES;
				GCC_WARN_UNINITIALIZED_AUTOS = YES_AGGRESSIVE;
				GCC_WARN_UNUSED_FUNCTION = YES;
				GCC_WARN_UNUSED_VARIABLE = YES;
				MACOSX_DEPLOYMENT_TARGET = 12.1;
				MTL_ENABLE_DEBUG_INFO = NO;
				MTL_FAST_MATH = YES;
				SDKROOT = macosx;
			};
			name = Release;
		};
		3FF7CA5227A88A620027935A /* Debug */ = {
			isa = XCBuildConfiguration;
			buildSettings = {
				CODE_SIGN_STYLE = Automatic;
				MACOSX_DEPLOYMENT_TARGET = 10.11;
				PRODUCT_NAME = "$(TARGET_NAME)";
			};
			name = Debug;
		};
		3FF7CA5327A88A620027935A /* Release */ = {
			isa = XCBuildConfiguration;
			buildSettings = {
				CODE_SIGN_STYLE = Automatic;
				MACOSX_DEPLOYMENT_TARGET = 10.11;
				PRODUCT_NAME = "$(TARGET_NAME)";
			};
			name = Release;
		};
/* End XCBuildConfiguration section */

/* Begin XCConfigurationList section */
		3FF7CA4527A88A620027935A /* Build configuration list for PBXProject "osx-cpufreq" */ = {
			isa = XCConfigurationList;
			buildConfigurations = (
				3FF7CA4F27A88A620027935A /* Debug */,
				3FF7CA5027A88A620027935A /* Release */,
			);
			defaultConfigurationIsVisible = 0;
			defaultConfigurationName = Release;
		};
		3FF7CA5127A88A620027935A /* Build configuration list for PBXNativeTarget "osx-cpufreq" */ = {
			isa = XCConfigurationList;
			buildConfigurations = (
				3FF7CA5227A88A620027935A /* Debug */,
				3FF7CA5327A88A620027935A /* Release */,
			);
			defaultConfigurationIsVisible = 0;
			defaultConfigurationName = Release;
		};
/* End XCConfigurationList section */
	};
	rootObject = 3FF7CA4227A88A620027935A /* Project object */;
}
